
Microsoft Visual Studio Solution File, Format Version 12.00
# Visual Studio Version 16
VisualStudioVersion = 16.0.29424.173
MinimumVisualStudioVersion = 10.0.40219.1
Project("{FAE04EC0-301F-11D3-BF4B-00C04F79EFBC}") = "GradeBook", "GradeBook\GradeBook.csproj", "{4FF13355-AE60-4097-9A07-952ECB94E3EA}"
EndProject
Global
	GlobalSection(SolutionConfigurationPlatforms) = preSolution
		Debug|Any CPU = Debug|Any CPU
		Release|Any CPU = Release|Any CPU
	EndGlobalSection
	GlobalSection(ProjectConfigurationPlatforms) = postSolution
		{4FF13355-AE60-4097-9A07-952ECB94E3EA}.Debug|Any CPU.ActiveCfg = Debug|Any CPU
		{4FF13355-AE60-4097-9A07-952ECB94E3EA}.Debug|Any CPU.Build.0 = Debug|Any CPU
		{4FF13355-AE60-4097-9A07-952ECB94E3EA}.Release|Any CPU.ActiveCfg = Release|Any CPU
		{4FF13355-AE60-4097-9A07-952ECB94E3EA}.Release|Any CPU.Build.0 = Release|Any CPU
	EndGlobalSection
	GlobalSection(SolutionProperties) = preSolution
		HideSolutionNode = FALSE
	EndGlobalSection
	GlobalSection(ExtensibilityGlobals) = postSolution
		SolutionGuid = {3C713AC9-C6A3-42F1-BE0C-6220DB7FBBEC}
	EndGlobalSection
EndGlobal
